Microsoft Visual Studio Solution File, Format Version 11.00
# Visual Studio 2010
Project("{FAE04EC0-301F-11D3-BF4B-00C04F79EFBC}") = "DXReportServer_Container.Web", "DXReportServer_Container.Web\DXReportServer_Container.Web.csproj", "{0A1DF370-6FF4-400F-B6FB-3A9F7BAF7FD5}"
EndProject
Project("{FAE04EC0-301F-11D3-BF4B-00C04F79EFBC}") = "DXReportServer_Container", "DXReportServer_Container\DXReportServer_Container.csproj", "{AECD5B42-BD71-4AA1-ADDE-CA0DDBE8EBB7}"
EndProject
Global
	GlobalSection(SolutionConfigurationPlatforms) = preSolution
		Debug|Any CPU = Debug|Any CPU
		Release|Any CPU = Release|Any CPU
	EndGlobalSection
	GlobalSection(ProjectConfigurationPlatforms) = postSolution
		{AECD5B42-BD71-4AA1-ADDE-CA0DDBE8EBB7}.Debug|Any CPU.ActiveCfg = Debug|Any CPU
		{AECD5B42-BD71-4AA1-ADDE-CA0DDBE8EBB7}.Debug|Any CPU.Build.0 = Debug|Any CPU
		{AECD5B42-BD71-4AA1-ADDE-CA0DDBE8EBB7}.Release|Any CPU.ActiveCfg = Release|Any CPU
		{AECD5B42-BD71-4AA1-ADDE-CA0DDBE8EBB7}.Release|Any CPU.Build.0 = Release|Any CPU
		{0A1DF370-6FF4-400F-B6FB-3A9F7BAF7FD5}.Debug|Any CPU.ActiveCfg = Debug|Any CPU
		{0A1DF370-6FF4-400F-B6FB-3A9F7BAF7FD5}.Debug|Any CPU.Build.0 = Debug|Any CPU
		{0A1DF370-6FF4-400F-B6FB-3A9F7BAF7FD5}.Release|Any CPU.ActiveCfg = Release|Any CPU
		{0A1DF370-6FF4-400F-B6FB-3A9F7BAF7FD5}.Release|Any CPU.Build.0 = Release|Any CPU
	EndGlobalSection
	GlobalSection(SolutionProperties) = preSolution
		HideSolutionNode = FALSE
	EndGlobalSection
EndGlobal
